
Microsoft Visual Studio Solution File, Format Version 11.00
# Visual Studio 2010
Project("{FAE04EC0-301F-11D3-BF4B-00C04F79EFBC}") = "Assembly-CSharp", "Assembly-CSharp.csproj", "{CD7C75B2-6EE2-B9C1-07BA-E53523957302}"
EndProject
Project("{FAE04EC0-301F-11D3-BF4B-00C04F79EFBC}") = "Assembly-CSharp-Editor", "Assembly-CSharp-Editor.csproj", "{97AB3EF7-0526-E0B7-5048-A6169C0C56DF}"
EndProject
Global
	GlobalSection(SolutionConfigurationPlatforms) = preSolution
		Debug|Any CPU = Debug|Any CPU
		Release|Any CPU = Release|Any CPU
	EndGlobalSection
	GlobalSection(ProjectConfigurationPlatforms) = postSolution
		{CD7C75B2-6EE2-B9C1-07BA-E53523957302}.Debug|Any CPU.ActiveCfg = Debug|Any CPU
		{CD7C75B2-6EE2-B9C1-07BA-E53523957302}.Debug|Any CPU.Build.0 = Debug|Any CPU
		{CD7C75B2-6EE2-B9C1-07BA-E53523957302}.Release|Any CPU.ActiveCfg = Release|Any CPU
		{CD7C75B2-6EE2-B9C1-07BA-E53523957302}.Release|Any CPU.Build.0 = Release|Any CPU
		{97AB3EF7-0526-E0B7-5048-A6169C0C56DF}.Debug|Any CPU.ActiveCfg = Debug|Any CPU
		{97AB3EF7-0526-E0B7-5048-A6169C0C56DF}.Debug|Any CPU.Build.0 = Debug|Any CPU
		{97AB3EF7-0526-E0B7-5048-A6169C0C56DF}.Release|Any CPU.ActiveCfg = Release|Any CPU
		{97AB3EF7-0526-E0B7-5048-A6169C0C56DF}.Release|Any CPU.Build.0 = Release|Any CPU
	EndGlobalSection
	GlobalSection(SolutionProperties) = preSolution
		HideSolutionNode = FALSE
	EndGlobalSection
	GlobalSection(MonoDevelopProperties) = preSolution
		StartupItem = Assembly-CSharp.csproj
	EndGlobalSection
EndGlobal
